
Microsoft Visual Studio Solution File, Format Version 12.00
# Visual Studio Version 17
VisualStudioVersion = 17.4.33213.308
MinimumVisualStudioVersion = 10.0.40219.1
Project("{9A19103F-16F7-4668-BE54-9A1E7A4F7556}") = "SkyVoteTime.Server", "Server\SkyVoteTime.Server.csproj", "{5B0ADE17-1E0F-43E0-A910-F2E70FC5A757}"
EndProject
Project("{9A19103F-16F7-4668-BE54-9A1E7A4F7556}") = "SkyVoteTime.Client", "Client\SkyVoteTime.Client.csproj", "{2553A82C-83FF-4316-A7D7-AAF717B56401}"
EndProject
Project("{9A19103F-16F7-4668-BE54-9A1E7A4F7556}") = "SkyVoteTime.Shared", "Shared\SkyVoteTime.Shared.csproj", "{C58212E9-AD4F-4E07-89E9-C141E6114F13}"
EndProject
Global
	GlobalSection(SolutionConfigurationPlatforms) = preSolution
		Debug|Any CPU = Debug|Any CPU
		Release|Any CPU = Release|Any CPU
	EndGlobalSection
	GlobalSection(ProjectConfigurationPlatforms) = postSolution
		{5B0ADE17-1E0F-43E0-A910-F2E70FC5A757}.Debug|Any CPU.ActiveCfg = Debug|Any CPU
		{5B0ADE17-1E0F-43E0-A910-F2E70FC5A757}.Debug|Any CPU.Build.0 = Debug|Any CPU
		{5B0ADE17-1E0F-43E0-A910-F2E70FC5A757}.Release|Any CPU.ActiveCfg = Release|Any CPU
		{5B0ADE17-1E0F-43E0-A910-F2E70FC5A757}.Release|Any CPU.Build.0 = Release|Any CPU
		{2553A82C-83FF-4316-A7D7-AAF717B56401}.Debug|Any CPU.ActiveCfg = Debug|Any CPU
		{2553A82C-83FF-4316-A7D7-AAF717B56401}.Debug|Any CPU.Build.0 = Debug|Any CPU
		{2553A82C-83FF-4316-A7D7-AAF717B56401}.Release|Any CPU.ActiveCfg = Release|Any CPU
		{2553A82C-83FF-4316-A7D7-AAF717B56401}.Release|Any CPU.Build.0 = Release|Any CPU
		{C58212E9-AD4F-4E07-89E9-C141E6114F13}.Debug|Any CPU.ActiveCfg = Debug|Any CPU
		{C58212E9-AD4F-4E07-89E9-C141E6114F13}.Debug|Any CPU.Build.0 = Debug|Any CPU
		{C58212E9-AD4F-4E07-89E9-C141E6114F13}.Release|Any CPU.ActiveCfg = Release|Any CPU
		{C58212E9-AD4F-4E07-89E9-C141E6114F13}.Release|Any CPU.Build.0 = Release|Any CPU
	EndGlobalSection
	GlobalSection(SolutionProperties) = preSolution
		HideSolutionNode = FALSE
	EndGlobalSection
	GlobalSection(ExtensibilityGlobals) = postSolution
		SolutionGuid = {4F9109CA-35EA-4523-825C-18EE8B34D5BA}
	EndGlobalSection
EndGlobal
